<?xml version="1.0" encoding="utf-8"?>
<Project ToolsVersion="4.0" xmlns="http://schemas.microsoft.com/developer/msbuild/2003">
  <ItemGroup>
    <Filter Include="Images">
      <UniqueIdentifier>{523f91cd-438c-4c9d-8690-999cd3720e46}</UniqueIdentifier>
    </Filter>
    <Filter Include="src">
      <UniqueIdentifier>{4FC737F1-C7A5-4376-A066-2A32D752A2FF}</UniqueIdentifier>
      <Extensions>cpp;c;cc;cxx;def;odl;idl;hpj;bat;asm;asmx</Extensions>
    </Filter>
    <Filter Include="src\fathom">
      <UniqueIdentifier>{2a5474d0-c49b-40de-af1a-c7a3e4ad332d}</UniqueIdentifier>
    </Filter>
  </ItemGroup>
  <ItemGroup>
    <ClInclude Include="src\fathom\tbconfig.h">
      <Filter>src\fathom</Filter>
    </ClInclude>
    <ClInclude Include="src\fathom\tbprobe.h">
      <Filter>src\fathom</Filter>
    </ClInclude>
    <ClInclude Include="src\globals.h">
      <Filter>src</Filter>
    </ClInclude>
  </ItemGroup>
  <ItemGroup>
    <ClCompile Include="src\attack.c">
      <Filter>src</Filter>
    </ClCompile>
    <ClCompile Include="src\bitboard.c">
      <Filter>src</Filter>
    </ClCompile>
    <ClCompile Include="src\bitboard_magic.c">
      <Filter>src</Filter>
    </ClCompile>
    <ClCompile Include="src\board.c">
      <Filter>src</Filter>
    </ClCompile>
    <ClCompile Include="src\book.c">
      <Filter>src</Filter>
    </ClCompile>
    <ClCompile Include="src\eval.c">
      <Filter>src</Filter>
    </ClCompile>
    <ClCompile Include="src\eval_king.c">
      <Filter>src</Filter>
    </ClCompile>
    <ClCompile Include="src\eval_material.c">
      <Filter>src</Filter>
    </ClCompile>
    <ClCompile Include="src\eval_passed.c">
      <Filter>src</Filter>
    </ClCompile>
    <ClCompile Include="src\eval_pawn.c">
      <Filter>src</Filter>
    </ClCompile>
    <ClCompile Include="src\eval_pieces.c">
      <Filter>src</Filter>
    </ClCompile>
    <ClCompile Include="src\eval_utils.c">
      <Filter>src</Filter>
    </ClCompile>
    <ClCompile Include="src\main.c">
      <Filter>src</Filter>
    </ClCompile>
    <ClCompile Include="src\move_selector.c">
      <Filter>src</Filter>
    </ClCompile>
    <ClCompile Include="src\search_main.c">
      <Filter>src</Filter>
    </ClCompile>
    <ClCompile Include="src\search_pv.c">
      <Filter>src</Filter>
    </ClCompile>
    <ClCompile Include="src\search_quiesce.c">
      <Filter>src</Filter>
    </ClCompile>
    <ClCompile Include="src\search_utils.c">
      <Filter>src</Filter>
    </ClCompile>
    <ClCompile Include="src\search_zw.c">
      <Filter>src</Filter>
    </ClCompile>
    <ClCompile Include="src\see.c">
      <Filter>src</Filter>
    </ClCompile>
    <ClCompile Include="src\test_assert.c">
      <Filter>src</Filter>
    </ClCompile>
    <ClCompile Include="src\test_epd.c">
      <Filter>src</Filter>
    </ClCompile>
    <ClCompile Include="src\test_perft.c">
      <Filter>src</Filter>
    </ClCompile>
    <ClCompile Include="src\test_perftx.c">
      <Filter>src</Filter>
    </ClCompile>
    <ClCompile Include="src\test_perfty.c">
      <Filter>src</Filter>
    </ClCompile>
    <ClCompile Include="src\zkeys.c">
      <Filter>src</Filter>
    </ClCompile>
    <ClCompile Include="src\test_perftz.c">
      <Filter>src</Filter>
    </ClCompile>
    <ClCompile Include="src\analyze.c">
      <Filter>src</Filter>
    </ClCompile>
    <ClCompile Include="src\test_pgn.c">
      <Filter>src</Filter>
    </ClCompile>
    <ClCompile Include="src\bitboard_data.c">
      <Filter>src</Filter>
    </ClCompile>
    <ClCompile Include="src\move.c">
      <Filter>src</Filter>
    </ClCompile>
    <ClCompile Include="src\move_gen_evasion.c">
      <Filter>src</Filter>
    </ClCompile>
    <ClCompile Include="src\move_gen_capture.c">
      <Filter>src</Filter>
    </ClCompile>
    <ClCompile Include="src\move_gen_quiet.c">
      <Filter>src</Filter>
    </ClCompile>
    <ClCompile Include="src\test_open.c">
      <Filter>src</Filter>
    </ClCompile>
    <ClCompile Include="src\utils_pgn.c">
      <Filter>src</Filter>
    </ClCompile>
    <ClCompile Include="src\eval_pst.c">
      <Filter>src</Filter>
    </ClCompile>
    <ClCompile Include="src\eval_param.c">
      <Filter>src</Filter>
    </ClCompile>
    <ClCompile Include="src\move_order.c">
      <Filter>src</Filter>
    </ClCompile>
    <ClCompile Include="src\test_eval_symmetry.c">
      <Filter>src</Filter>
    </ClCompile>
    <ClCompile Include="src\test_auto_play.c">
      <Filter>src</Filter>
    </ClCompile>
    <ClCompile Include="src\test_trans_table.c">
      <Filter>src</Filter>
    </ClCompile>
    <ClCompile Include="src\game.c">
      <Filter>src</Filter>
    </ClCompile>
    <ClCompile Include="src\board_utils.c">
      <Filter>src</Filter>
    </ClCompile>
    <ClCompile Include="src\system_utils.c">
      <Filter>src</Filter>
    </ClCompile>
    <ClCompile Include="src\eval_tune.c">
      <Filter>src</Filter>
    </ClCompile>
    <ClCompile Include="src\search_egtb_syzygy.c">
      <Filter>src</Filter>
    </ClCompile>
    <ClCompile Include="src\fathom\tbprobe.c">
      <Filter>src\fathom</Filter>
    </ClCompile>
    <ClCompile Include="src\fathom\tbcore.c">
      <Filter>src\fathom</Filter>
    </ClCompile>
    <ClCompile Include="src\protocol_uci.c">
      <Filter>src</Filter>
    </ClCompile>
    <ClCompile Include="src\search_singular.c">
      <Filter>src</Filter>
    </ClCompile>
    <ClCompile Include="src\transposition.c">
      <Filter>src</Filter>
    </ClCompile>
  </ItemGroup>
  <ItemGroup>
    <Image Include="image\tucano.bmp">
      <Filter>Images</Filter>
    </Image>
    <Image Include="image\tucano_playing.png">
      <Filter>Images</Filter>
    </Image>
  </ItemGroup>
  <ItemGroup>
    <Text Include="copying.txt" />
  </ItemGroup>
  <ItemGroup>
    <None Include="README.md" />
    <None Include="src\fathom\LICENSE">
      <Filter>src\fathom</Filter>
    </None>
    <None Include="src\fathom\README.md">
      <Filter>src\fathom</Filter>
    </None>
  </ItemGroup>
</Project>