<?xml version="1.0" encoding="utf-8"?>
<Project ToolsVersion="4.0" xmlns="http://schemas.microsoft.com/developer/msbuild/2003">
  <ItemGroup>
    <Filter Include="Source Files">
      <UniqueIdentifier>{4FC737F1-C7A5-4376-A066-2A32D752A2FF}</UniqueIdentifier>
      <Extensions>cpp;c;cc;cxx;def;odl;idl;hpj;bat;asm;asmx</Extensions>
    </Filter>
    <Filter Include="Header Files">
      <UniqueIdentifier>{93995380-89BD-4b04-88EB-625FBE52EBFB}</UniqueIdentifier>
      <Extensions>h;hpp;hxx;hm;inl;inc;xsd</Extensions>
    </Filter>
    <Filter Include="Resource Files">
      <UniqueIdentifier>{67DA6AB6-F800-4c08-8B7A-83BB121AAD01}</UniqueIdentifier>
      <Extensions>rc;ico;cur;bmp;dlg;rc2;rct;bin;rgs;gif;jpg;jpeg;jpe;resx;tiff;tif;png;wav;mfcribbon-ms</Extensions>
    </Filter>
    <Filter Include="Images">
      <UniqueIdentifier>{523f91cd-438c-4c9d-8690-999cd3720e46}</UniqueIdentifier>
    </Filter>
  </ItemGroup>
  <ItemGroup>
    <ClInclude Include="src\globals.h">
      <Filter>Header Files</Filter>
    </ClInclude>
  </ItemGroup>
  <ItemGroup>
    <ClCompile Include="src\attack.c">
      <Filter>Source Files</Filter>
    </ClCompile>
    <ClCompile Include="src\bitboard.c">
      <Filter>Source Files</Filter>
    </ClCompile>
    <ClCompile Include="src\bitboard_magic.c">
      <Filter>Source Files</Filter>
    </ClCompile>
    <ClCompile Include="src\board.c">
      <Filter>Source Files</Filter>
    </ClCompile>
    <ClCompile Include="src\book.c">
      <Filter>Source Files</Filter>
    </ClCompile>
    <ClCompile Include="src\eval.c">
      <Filter>Source Files</Filter>
    </ClCompile>
    <ClCompile Include="src\eval_king.c">
      <Filter>Source Files</Filter>
    </ClCompile>
    <ClCompile Include="src\eval_material.c">
      <Filter>Source Files</Filter>
    </ClCompile>
    <ClCompile Include="src\eval_passed.c">
      <Filter>Source Files</Filter>
    </ClCompile>
    <ClCompile Include="src\eval_pawn.c">
      <Filter>Source Files</Filter>
    </ClCompile>
    <ClCompile Include="src\eval_pieces.c">
      <Filter>Source Files</Filter>
    </ClCompile>
    <ClCompile Include="src\eval_utils.c">
      <Filter>Source Files</Filter>
    </ClCompile>
    <ClCompile Include="src\main.c">
      <Filter>Source Files</Filter>
    </ClCompile>
    <ClCompile Include="src\move_selector.c">
      <Filter>Source Files</Filter>
    </ClCompile>
    <ClCompile Include="src\search_main.c">
      <Filter>Source Files</Filter>
    </ClCompile>
    <ClCompile Include="src\search_pv.c">
      <Filter>Source Files</Filter>
    </ClCompile>
    <ClCompile Include="src\search_quiesce.c">
      <Filter>Source Files</Filter>
    </ClCompile>
    <ClCompile Include="src\search_utils.c">
      <Filter>Source Files</Filter>
    </ClCompile>
    <ClCompile Include="src\search_zw.c">
      <Filter>Source Files</Filter>
    </ClCompile>
    <ClCompile Include="src\see.c">
      <Filter>Source Files</Filter>
    </ClCompile>
    <ClCompile Include="src\table.c">
      <Filter>Source Files</Filter>
    </ClCompile>
    <ClCompile Include="src\test_assert.c">
      <Filter>Source Files</Filter>
    </ClCompile>
    <ClCompile Include="src\test_epd.c">
      <Filter>Source Files</Filter>
    </ClCompile>
    <ClCompile Include="src\test_perft.c">
      <Filter>Source Files</Filter>
    </ClCompile>
    <ClCompile Include="src\test_perftx.c">
      <Filter>Source Files</Filter>
    </ClCompile>
    <ClCompile Include="src\test_perfty.c">
      <Filter>Source Files</Filter>
    </ClCompile>
    <ClCompile Include="src\zkeys.c">
      <Filter>Source Files</Filter>
    </ClCompile>
    <ClCompile Include="src\test_perftz.c">
      <Filter>Source Files</Filter>
    </ClCompile>
    <ClCompile Include="src\analyze.c">
      <Filter>Source Files</Filter>
    </ClCompile>
    <ClCompile Include="src\test_pgn.c">
      <Filter>Source Files</Filter>
    </ClCompile>
    <ClCompile Include="src\bitboard_data.c">
      <Filter>Source Files</Filter>
    </ClCompile>
    <ClCompile Include="src\move.c">
      <Filter>Source Files</Filter>
    </ClCompile>
    <ClCompile Include="src\move_gen_evasion.c">
      <Filter>Source Files</Filter>
    </ClCompile>
    <ClCompile Include="src\move_gen_capture.c">
      <Filter>Source Files</Filter>
    </ClCompile>
    <ClCompile Include="src\move_gen_quiet.c">
      <Filter>Source Files</Filter>
    </ClCompile>
    <ClCompile Include="src\move_gen_quiet_checks.c">
      <Filter>Source Files</Filter>
    </ClCompile>
    <ClCompile Include="src\test_open.c">
      <Filter>Source Files</Filter>
    </ClCompile>
    <ClCompile Include="src\utils_pgn.c">
      <Filter>Source Files</Filter>
    </ClCompile>
    <ClCompile Include="src\eval_pst.c">
      <Filter>Source Files</Filter>
    </ClCompile>
    <ClCompile Include="src\eval_param.c">
      <Filter>Source Files</Filter>
    </ClCompile>
    <ClCompile Include="src\move_order.c">
      <Filter>Source Files</Filter>
    </ClCompile>
    <ClCompile Include="src\test_eval_symmetry.c">
      <Filter>Source Files</Filter>
    </ClCompile>
    <ClCompile Include="src\test_auto_play.c">
      <Filter>Source Files</Filter>
    </ClCompile>
    <ClCompile Include="src\test_trans_table.c">
      <Filter>Source Files</Filter>
    </ClCompile>
    <ClCompile Include="src\game.c">
      <Filter>Source Files</Filter>
    </ClCompile>
    <ClCompile Include="src\board_utils.c">
      <Filter>Source Files</Filter>
    </ClCompile>
    <ClCompile Include="src\system_utils.c">
      <Filter>Source Files</Filter>
    </ClCompile>
    <ClCompile Include="src\eval_tune.c">
      <Filter>Source Files</Filter>
    </ClCompile>
  </ItemGroup>
  <ItemGroup>
    <Image Include="image\tucano.bmp">
      <Filter>Images</Filter>
    </Image>
    <Image Include="image\tucano_playing.png">
      <Filter>Images</Filter>
    </Image>
  </ItemGroup>
  <ItemGroup>
    <Text Include="copying.txt" />
    <Text Include="readme.txt" />
  </ItemGroup>
  <ItemGroup>
    <None Include="README.md" />
  </ItemGroup>
</Project>